
Microsoft Visual Studio Solution File, Format Version 12.00
# Visual Studio Version 17
VisualStudioVersion = 17.1.32210.238
MinimumVisualStudioVersion = 10.0.40219.1
Project("{FAE04EC0-301F-11D3-BF4B-00C04F79EFBC}") = "Taks14032022", "Taks14032022\Taks14032022.csproj", "{C0B9BA75-2168-46BF-84FA-4180A4EEEC97}"
EndProject
Global
	GlobalSection(SolutionConfigurationPlatforms) = preSolution
		Debug|Any CPU = Debug|Any CPU
		Release|Any CPU = Release|Any CPU
	EndGlobalSection
	GlobalSection(ProjectConfigurationPlatforms) = postSolution
		{C0B9BA75-2168-46BF-84FA-4180A4EEEC97}.Debug|Any CPU.ActiveCfg = Debug|Any CPU
		{C0B9BA75-2168-46BF-84FA-4180A4EEEC97}.Debug|Any CPU.Build.0 = Debug|Any CPU
		{C0B9BA75-2168-46BF-84FA-4180A4EEEC97}.Release|Any CPU.ActiveCfg = Release|Any CPU
		{C0B9BA75-2168-46BF-84FA-4180A4EEEC97}.Release|Any CPU.Build.0 = Release|Any CPU
	EndGlobalSection
	GlobalSection(SolutionProperties) = preSolution
		HideSolutionNode = FALSE
	EndGlobalSection
	GlobalSection(ExtensibilityGlobals) = postSolution
		SolutionGuid = {77DF02E9-2881-4A95-8108-1F588865BF54}
	EndGlobalSection
EndGlobal
